// !$*UTF8*$!
{
	archiveVersion = 1;
	classes = {
	};
	objectVersion = 77;
	objects = {

/* Begin PBXBuildFile section */
		01B5BF2BBC8F97D97D789529 /* AppModelActionFeedbackTests.swift in Sources */ = {isa = PBXBuildFile; fileRef = AA48AA25661199CF523152D5 /* AppModelActionFeedbackTests.swift */; };
		058E0E5D91058313EDE6A007 /* PrismStatusIcon.swift in Sources */ = {isa = PBXBuildFile; fileRef = 24DA04C9442819CB0ACBD9C3 /* PrismStatusIcon.swift */; };
		1DCD7BEAAD307561022F20A9 /* AppModel+MenuBarReset.swift in Sources */ = {isa = PBXBuildFile; fileRef = 5F4F978FB62B17B05978B939 /* AppModel+MenuBarReset.swift */; };
		24D6BDA4F82765035F4809EF /* MenuBarView.swift in Sources */ = {isa = PBXBuildFile; fileRef = A756F325D68C0D906A6D4318 /* MenuBarView.swift */; };
		261CF815A371C909B5308412 /* AboutView.swift in Sources */ = {isa = PBXBuildFile; fileRef = BE01E333B738C28E2DD3D464 /* AboutView.swift */; };
		28CF60F875A77F50F17076A5 /* PrivacyView.swift in Sources */ = {isa = PBXBuildFile; fileRef = DB6BE812961FA45556F1A760 /* PrivacyView.swift */; };
		2BC33F74613199D3C60E4162 /* OverviewView.swift in Sources */ = {isa = PBXBuildFile; fileRef = 33E93D3FF851F060C631EC8F /* OverviewView.swift */; };
		33DF9EF2F689F4A077865E6E /* prismBarCore in Frameworks */ = {isa = PBXBuildFile; productRef = ACA2FF17A745D2E611D878C2 /* prismBarCore */; };
		3AC383F8DF523268C88EF6BD /* prismBarApp.swift in Sources */ = {isa = PBXBuildFile; fileRef = 8FFF8A05443F8BB9B57C8CBC /* prismBarApp.swift */; };
		428F0B29AF29A79E5FCDBDDA /* AppModel+MenuBarBatchActions.swift in Sources */ = {isa = PBXBuildFile; fileRef = 705CE0B7CDC26A16F16702C2 /* AppModel+MenuBarBatchActions.swift */; };
		48F49065677526FB180F5344 /* PrismBarCommands.swift in Sources */ = {isa = PBXBuildFile; fileRef = 3BA0C421D62741B8383FEFA7 /* PrismBarCommands.swift */; };
		53A67AB1D743C9191CAD41ED /* LaunchTests.swift in Sources */ = {isa = PBXBuildFile; fileRef = 75ABFACBE8B5FA2F47CAF31F /* LaunchTests.swift */; };
		5BBE97F18265E328EA81844C /* SettingsRootView.swift in Sources */ = {isa = PBXBuildFile; fileRef = BB0E9A57FF0B8B5227635A91 /* SettingsRootView.swift */; };
		62F6DD3471485B61A72949C4 /* LICENSE in Resources */ = {isa = PBXBuildFile; fileRef = 11CF65631A1A62948D2CAF8A /* LICENSE */; };
		67A85AD65D85C6FCB202D08F /* LiveMenuBarController.swift in Sources */ = {isa = PBXBuildFile; fileRef = 574A6994BBFD030D13E09840 /* LiveMenuBarController.swift */; };
		698BD64A25F31652EE03AC4E /* Assets.xcassets in Resources */ = {isa = PBXBuildFile; fileRef = 90B72451308C4BB744C489CA /* Assets.xcassets */; };
		6A1FFD8E601EBDC2E3D3999C /* ShortcutsView.swift in Sources */ = {isa = PBXBuildFile; fileRef = FF2F6970047364DDA27C5F2C /* ShortcutsView.swift */; };
		6C2A42147F30D5C1464E4434 /* AppState.swift in Sources */ = {isa = PBXBuildFile; fileRef = 7378E53EB6132FCE8C0FE07C /* AppState.swift */; };
		6D7A1D1E21E0AC466B9F2143 /* PrismDeckLayoutPolicy.swift in Sources */ = {isa = PBXBuildFile; fileRef = 8E4704B12208803361392147 /* PrismDeckLayoutPolicy.swift */; };
		6F260E1E63E732918894B904 /* MenuBarApplicationIcon.swift in Sources */ = {isa = PBXBuildFile; fileRef = 318C767B63A53F9AC0325D6F /* MenuBarApplicationIcon.swift */; };
		84648563F5F512F66F3AE94B /* PrismDeckApplicationsView.swift in Sources */ = {isa = PBXBuildFile; fileRef = 57C4ECF5CDFCDD0A461AC5C8 /* PrismDeckApplicationsView.swift */; };
		8788002F3034E67F01C85B54 /* AccessibilityAuditTests.swift in Sources */ = {isa = PBXBuildFile; fileRef = 4FF06CC224C8F6F6B057A2B3 /* AccessibilityAuditTests.swift */; };
		8813B1CB9A5D8575906A510B /* AppModel.swift in Sources */ = {isa = PBXBuildFile; fileRef = 3A6F51D219AFA0CC326CFE1F /* AppModel.swift */; };
		8F25333A3C3A54CA2587EE2E /* SceneActionRouter.swift in Sources */ = {isa = PBXBuildFile; fileRef = D7ECE0DDE2F817119ECD1316 /* SceneActionRouter.swift */; };
		9615CF1609FFB33918D39A49 /* AppModel+MenuBarSectionState.swift in Sources */ = {isa = PBXBuildFile; fileRef = 20A0EB3D849A86912B17B6CC /* AppModel+MenuBarSectionState.swift */; };
		985AA29341450BF46056E6B3 /* NOTICE in Resources */ = {isa = PBXBuildFile; fileRef = 6419CB2641AFB03C2890E55D /* NOTICE */; };
		9B5641B47C612060B2C3E9A7 /* MainWindowView.swift in Sources */ = {isa = PBXBuildFile; fileRef = 72367E88666AEFDC8C0C684C /* MainWindowView.swift */; };
		A2FDDC3813D932AB06E15FFD /* AppModel+MenuBarRecovery.swift in Sources */ = {isa = PBXBuildFile; fileRef = 79D6E16A0136D1F283B728AB /* AppModel+MenuBarRecovery.swift */; };
		AE30068A1AE8D0EAB237F76A /* PrismVisuals.swift in Sources */ = {isa = PBXBuildFile; fileRef = 7F750C30A67946F63A370161 /* PrismVisuals.swift */; };
		AFC0E90FF2A6E8DF6D4BCFDC /* AppModel+MenuBarActions.swift in Sources */ = {isa = PBXBuildFile; fileRef = 797D62515E8C48EE5BF939F7 /* AppModel+MenuBarActions.swift */; };
		B75F478A2A853FE7086943BE /* PrismRailView.swift in Sources */ = {isa = PBXBuildFile; fileRef = CF5C720A82C49A3A2A93918D /* PrismRailView.swift */; };
		BEB5DD3EE10E1A5DE98304FB /* prismBar.icon in Resources */ = {isa = PBXBuildFile; fileRef = 42DE507D28E83BE99B7CC5CE /* prismBar.icon */; };
		C0522F43C20205737E92FE31 /* PrismDeckTests.swift in Sources */ = {isa = PBXBuildFile; fileRef = 109A31F5C43CC8171F9EC4B8 /* PrismDeckTests.swift */; };
		C53909CC424B09D0C2210692 /* AboutTests.swift in Sources */ = {isa = PBXBuildFile; fileRef = B4AFC1F58957D7941D311EC5 /* AboutTests.swift */; };
		CE10DE72024A0C37C262FC19 /* UIAuditWindowConfiguration.swift in Sources */ = {isa = PBXBuildFile; fileRef = 3A97AC1465267631E11123FA /* UIAuditWindowConfiguration.swift */; };
		D1710DA94CF4C0E750EEBA4F /* WorkspaceVisualStructureTests.swift in Sources */ = {isa = PBXBuildFile; fileRef = 6F94844597D55920442A36A2 /* WorkspaceVisualStructureTests.swift */; };
		D5EBF57D885E1E8723E334FD /* UITestApplication.swift in Sources */ = {isa = PBXBuildFile; fileRef = 191C333200AB22AB1F3BD6DD /* UITestApplication.swift */; };
		D90EA618B13266052A72F806 /* AppLifecycleTests.swift in Sources */ = {isa = PBXBuildFile; fileRef = EEF4DD93279456074BB6F7FD /* AppLifecycleTests.swift */; };
		D9B7872CF4A511B07328CA42 /* prismBarEngine in Frameworks */ = {isa = PBXBuildFile; productRef = F163278A06D1EDC2E5F2385E /* prismBarEngine */; };
		DD537356A91D55381A1A1A56 /* AppLifecycle.swift in Sources */ = {isa = PBXBuildFile; fileRef = 315A0592B925D2DB82D37406 /* AppLifecycle.swift */; };
		DD8426C4530DC0C44B08D0C9 /* PrismDeckView.swift in Sources */ = {isa = PBXBuildFile; fileRef = 59DD7849C14D7A756FFCC474 /* PrismDeckView.swift */; };
		E3E8AD090C522A5F1C507FC9 /* prismBarAccessibility in Frameworks */ = {isa = PBXBuildFile; productRef = F1499788DA51BE2087B51A20 /* prismBarAccessibility */; };
		E40B7C773E5F51B23805FFF3 /* MenuBarItemRow.swift in Sources */ = {isa = PBXBuildFile; fileRef = CE46BEA84E314F040D359964 /* MenuBarItemRow.swift */; };
		E5C70F149F116D0AE30145D2 /* PrivacyInfo.xcprivacy in Resources */ = {isa = PBXBuildFile; fileRef = B99796874F6C0C859873DF49 /* PrivacyInfo.xcprivacy */; };
		E64955DB63E19420FC76CC0C /* MenuBarSectionStatusController.swift in Sources */ = {isa = PBXBuildFile; fileRef = 9D8BAE01F43F46DF5610002B /* MenuBarSectionStatusController.swift */; };
		E9D571B8238F9A3B29D7EA68 /* VisualAuditTests.swift in Sources */ = {isa = PBXBuildFile; fileRef = 74D21E1BE361A7B6B790F767 /* VisualAuditTests.swift */; };
		ED364C206C4501008BF199EC /* PrivacyCopy.swift in Sources */ = {isa = PBXBuildFile; fileRef = 2CAE72ACFC08C1C6F47C155D /* PrivacyCopy.swift */; };
		F023727F1D7DFEF8B59B7821 /* PrismDeckApplicationsCommandTests.swift in Sources */ = {isa = PBXBuildFile; fileRef = 664F06B00E6B3DE43DE9C692 /* PrismDeckApplicationsCommandTests.swift */; };
		FED49BF4D873ED09D31CD928 /* PrismRailViewSupport.swift in Sources */ = {isa = PBXBuildFile; fileRef = 469614A59BF1325BAA234EFD /* PrismRailViewSupport.swift */; };
/* End PBXBuildFile section */

/* Begin PBXContainerItemProxy section */
		3784D5CDE3FD6F5527CCEA89 /* PBXContainerItemProxy */ = {
			isa = PBXContainerItemProxy;
			containerPortal = 45586A27C38A8FA4AF5E3910 /* Project object */;
			proxyType = 1;
			remoteGlobalIDString = 2B5A286FB1B6A98296153BEF;
			remoteInfo = prismBar;
		};
		F55C3EDE8A1B54FA44049CCA /* PBXContainerItemProxy */ = {
			isa = PBXContainerItemProxy;
			containerPortal = 45586A27C38A8FA4AF5E3910 /* Project object */;
			proxyType = 1;
			remoteGlobalIDString = 2B5A286FB1B6A98296153BEF;
			remoteInfo = prismBar;
		};
/* End PBXContainerItemProxy section */

/* Begin PBXFileReference section */
		109A31F5C43CC8171F9EC4B8 /* PrismDeckTests.swift */ = {isa = PBXFileReference; lastKnownFileType = sourcecode.swift; path = PrismDeckTests.swift; sourceTree = "<group>"; };
		11CF65631A1A62948D2CAF8A /* LICENSE */ = {isa = PBXFileReference; path = LICENSE; sourceTree = "<group>"; };
		132DB0E7D319E4672B6E1A58 /* prismBarUITests.xctest */ = {isa = PBXFileReference; explicitFileType = wrapper.cfbundle; includeInIndex = 0; path = prismBarUITests.xctest; sourceTree = BUILT_PRODUCTS_DIR; };
		191C333200AB22AB1F3BD6DD /* UITestApplication.swift */ = {isa = PBXFileReference; lastKnownFileType = sourcecode.swift; path = UITestApplication.swift; sourceTree = "<group>"; };
		20A0EB3D849A86912B17B6CC /* AppModel+MenuBarSectionState.swift */ = {isa = PBXFileReference; lastKnownFileType = sourcecode.swift; path = "AppModel+MenuBarSectionState.swift"; sourceTree = "<group>"; };
		24DA04C9442819CB0ACBD9C3 /* PrismStatusIcon.swift */ = {isa = PBXFileReference; lastKnownFileType = sourcecode.swift; path = PrismStatusIcon.swift; sourceTree = "<group>"; };
		2CAE72ACFC08C1C6F47C155D /* PrivacyCopy.swift */ = {isa = PBXFileReference; lastKnownFileType = sourcecode.swift; path = PrivacyCopy.swift; sourceTree = "<group>"; };
		315A0592B925D2DB82D37406 /* AppLifecycle.swift */ = {isa = PBXFileReference; lastKnownFileType = sourcecode.swift; path = AppLifecycle.swift; sourceTree = "<group>"; };
		318C767B63A53F9AC0325D6F /* MenuBarApplicationIcon.swift */ = {isa = PBXFileReference; lastKnownFileType = sourcecode.swift; path = MenuBarApplicationIcon.swift; sourceTree = "<group>"; };
		33E93D3FF851F060C631EC8F /* OverviewView.swift */ = {isa = PBXFileReference; lastKnownFileType = sourcecode.swift; path = OverviewView.swift; sourceTree = "<group>"; };
		3A6F51D219AFA0CC326CFE1F /* AppModel.swift */ = {isa = PBXFileReference; lastKnownFileType = sourcecode.swift; path = AppModel.swift; sourceTree = "<group>"; };
		3A97AC1465267631E11123FA /* UIAuditWindowConfiguration.swift */ = {isa = PBXFileReference; lastKnownFileType = sourcecode.swift; path = UIAuditWindowConfiguration.swift; sourceTree = "<group>"; };
		3BA0C421D62741B8383FEFA7 /* PrismBarCommands.swift */ = {isa = PBXFileReference; lastKnownFileType = sourcecode.swift; path = PrismBarCommands.swift; sourceTree = "<group>"; };
		3DA42353B48097F47E64CF57 /* prismBar */ = {isa = PBXFileReference; lastKnownFileType = folder; name = prismBar; path = .; sourceTree = SOURCE_ROOT; };
		42DE507D28E83BE99B7CC5CE /* prismBar.icon */ = {isa = PBXFileReference; lastKnownFileType = wrapper.icon; path = prismBar.icon; sourceTree = "<group>"; };
		469614A59BF1325BAA234EFD /* PrismRailViewSupport.swift */ = {isa = PBXFileReference; lastKnownFileType = sourcecode.swift; path = PrismRailViewSupport.swift; sourceTree = "<group>"; };
		4FF06CC224C8F6F6B057A2B3 /* AccessibilityAuditTests.swift */ = {isa = PBXFileReference; lastKnownFileType = sourcecode.swift; path = AccessibilityAuditTests.swift; sourceTree = "<group>"; };
		574A6994BBFD030D13E09840 /* LiveMenuBarController.swift */ = {isa = PBXFileReference; lastKnownFileType = sourcecode.swift; path = LiveMenuBarController.swift; sourceTree = "<group>"; };
		57C4ECF5CDFCDD0A461AC5C8 /* PrismDeckApplicationsView.swift */ = {isa = PBXFileReference; lastKnownFileType = sourcecode.swift; path = PrismDeckApplicationsView.swift; sourceTree = "<group>"; };
		59DD7849C14D7A756FFCC474 /* PrismDeckView.swift */ = {isa = PBXFileReference; lastKnownFileType = sourcecode.swift; path = PrismDeckView.swift; sourceTree = "<group>"; };
		5F4F978FB62B17B05978B939 /* AppModel+MenuBarReset.swift */ = {isa = PBXFileReference; lastKnownFileType = sourcecode.swift; path = "AppModel+MenuBarReset.swift"; sourceTree = "<group>"; };
		6419CB2641AFB03C2890E55D /* NOTICE */ = {isa = PBXFileReference; path = NOTICE; sourceTree = "<group>"; };
		664F06B00E6B3DE43DE9C692 /* PrismDeckApplicationsCommandTests.swift */ = {isa = PBXFileReference; lastKnownFileType = sourcecode.swift; path = PrismDeckApplicationsCommandTests.swift; sourceTree = "<group>"; };
		6F94844597D55920442A36A2 /* WorkspaceVisualStructureTests.swift */ = {isa = PBXFileReference; lastKnownFileType = sourcecode.swift; path = WorkspaceVisualStructureTests.swift; sourceTree = "<group>"; };
		705CE0B7CDC26A16F16702C2 /* AppModel+MenuBarBatchActions.swift */ = {isa = PBXFileReference; lastKnownFileType = sourcecode.swift; path = "AppModel+MenuBarBatchActions.swift"; sourceTree = "<group>"; };
		72367E88666AEFDC8C0C684C /* MainWindowView.swift */ = {isa = PBXFileReference; lastKnownFileType = sourcecode.swift; path = MainWindowView.swift; sourceTree = "<group>"; };
		7378E53EB6132FCE8C0FE07C /* AppState.swift */ = {isa = PBXFileReference; lastKnownFileType = sourcecode.swift; path = AppState.swift; sourceTree = "<group>"; };
		74D21E1BE361A7B6B790F767 /* VisualAuditTests.swift */ = {isa = PBXFileReference; lastKnownFileType = sourcecode.swift; path = VisualAuditTests.swift; sourceTree = "<group>"; };
		75ABFACBE8B5FA2F47CAF31F /* LaunchTests.swift */ = {isa = PBXFileReference; lastKnownFileType = sourcecode.swift; path = LaunchTests.swift; sourceTree = "<group>"; };
		797D62515E8C48EE5BF939F7 /* AppModel+MenuBarActions.swift */ = {isa = PBXFileReference; lastKnownFileType = sourcecode.swift; path = "AppModel+MenuBarActions.swift"; sourceTree = "<group>"; };
		79D6E16A0136D1F283B728AB /* AppModel+MenuBarRecovery.swift */ = {isa = PBXFileReference; lastKnownFileType = sourcecode.swift; path = "AppModel+MenuBarRecovery.swift"; sourceTree = "<group>"; };
		7F750C30A67946F63A370161 /* PrismVisuals.swift */ = {isa = PBXFileReference; lastKnownFileType = sourcecode.swift; path = PrismVisuals.swift; sourceTree = "<group>"; };
		8E4704B12208803361392147 /* PrismDeckLayoutPolicy.swift */ = {isa = PBXFileReference; lastKnownFileType = sourcecode.swift; path = PrismDeckLayoutPolicy.swift; sourceTree = "<group>"; };
		8FFF8A05443F8BB9B57C8CBC /* prismBarApp.swift */ = {isa = PBXFileReference; lastKnownFileType = sourcecode.swift; path = prismBarApp.swift; sourceTree = "<group>"; };
		90B72451308C4BB744C489CA /* Assets.xcassets */ = {isa = PBXFileReference; lastKnownFileType = folder.assetcatalog; path = Assets.xcassets; sourceTree = "<group>"; };
		9D8BAE01F43F46DF5610002B /* MenuBarSectionStatusController.swift */ = {isa = PBXFileReference; lastKnownFileType = sourcecode.swift; path = MenuBarSectionStatusController.swift; sourceTree = "<group>"; };
		A756F325D68C0D906A6D4318 /* MenuBarView.swift */ = {isa = PBXFileReference; lastKnownFileType = sourcecode.swift; path = MenuBarView.swift; sourceTree = "<group>"; };
		AA48AA25661199CF523152D5 /* AppModelActionFeedbackTests.swift */ = {isa = PBXFileReference; lastKnownFileType = sourcecode.swift; path = AppModelActionFeedbackTests.swift; sourceTree = "<group>"; };
		B4AFC1F58957D7941D311EC5 /* AboutTests.swift */ = {isa = PBXFileReference; lastKnownFileType = sourcecode.swift; path = AboutTests.swift; sourceTree = "<group>"; };
		B99796874F6C0C859873DF49 /* PrivacyInfo.xcprivacy */ = {isa = PBXFileReference; path = PrivacyInfo.xcprivacy; sourceTree = "<group>"; };
		BB0E9A57FF0B8B5227635A91 /* SettingsRootView.swift */ = {isa = PBXFileReference; lastKnownFileType = sourcecode.swift; path = SettingsRootView.swift; sourceTree = "<group>"; };
		BE01E333B738C28E2DD3D464 /* AboutView.swift */ = {isa = PBXFileReference; lastKnownFileType = sourcecode.swift; path = AboutView.swift; sourceTree = "<group>"; };
		CE46BEA84E314F040D359964 /* MenuBarItemRow.swift */ = {isa = PBXFileReference; lastKnownFileType = sourcecode.swift; path = MenuBarItemRow.swift; sourceTree = "<group>"; };
		CF5C720A82C49A3A2A93918D /* PrismRailView.swift */ = {isa = PBXFileReference; lastKnownFileType = sourcecode.swift; path = PrismRailView.swift; sourceTree = "<group>"; };
		D7ECE0DDE2F817119ECD1316 /* SceneActionRouter.swift */ = {isa = PBXFileReference; lastKnownFileType = sourcecode.swift; path = SceneActionRouter.swift; sourceTree = "<group>"; };
		DB6BE812961FA45556F1A760 /* PrivacyView.swift */ = {isa = PBXFileReference; lastKnownFileType = sourcecode.swift; path = PrivacyView.swift; sourceTree = "<group>"; };
		ED2184D0F302BEBEA3AD3520 /* prismBar.app */ = {isa = PBXFileReference; explicitFileType = wrapper.application; includeInIndex = 0; path = prismBar.app; sourceTree = BUILT_PRODUCTS_DIR; };
		EE5604D54BCB73D186D8E912 /* prismBarAppTests.xctest */ = {isa = PBXFileReference; explicitFileType = wrapper.cfbundle; includeInIndex = 0; path = prismBarAppTests.xctest; sourceTree = BUILT_PRODUCTS_DIR; };
		EEF4DD93279456074BB6F7FD /* AppLifecycleTests.swift */ = {isa = PBXFileReference; lastKnownFileType = sourcecode.swift; path = AppLifecycleTests.swift; sourceTree = "<group>"; };
		FF2F6970047364DDA27C5F2C /* ShortcutsView.swift */ = {isa = PBXFileReference; lastKnownFileType = sourcecode.swift; path = ShortcutsView.swift; sourceTree = "<group>"; };
/* End PBXFileReference section */

/* Begin PBXFrameworksBuildPhase section */
		C470364C5EA68DAE83AFB9AB /* Frameworks */ = {
			isa = PBXFrameworksBuildPhase;
			buildActionMask = 2147483647;
			files = (
				33DF9EF2F689F4A077865E6E /* prismBarCore in Frameworks */,
				E3E8AD090C522A5F1C507FC9 /* prismBarAccessibility in Frameworks */,
				D9B7872CF4A511B07328CA42 /* prismBarEngine in Frameworks */,
			);
			runOnlyForDeploymentPostprocessing = 0;
		};
/* End PBXFrameworksBuildPhase section */

/* Begin PBXGroup section */
		0538439E2C35931DD2A0976C /* Overview */ = {
			isa = PBXGroup;
			children = (
				72367E88666AEFDC8C0C684C /* MainWindowView.swift */,
				318C767B63A53F9AC0325D6F /* MenuBarApplicationIcon.swift */,
				33E93D3FF851F060C631EC8F /* OverviewView.swift */,
				57C4ECF5CDFCDD0A461AC5C8 /* PrismDeckApplicationsView.swift */,
				8E4704B12208803361392147 /* PrismDeckLayoutPolicy.swift */,
				59DD7849C14D7A756FFCC474 /* PrismDeckView.swift */,
				CF5C720A82C49A3A2A93918D /* PrismRailView.swift */,
				469614A59BF1325BAA234EFD /* PrismRailViewSupport.swift */,
			);
			path = Overview;
			sourceTree = "<group>";
		};
		13439FA21C7C05AD5FB799A4 /* Features */ = {
			isa = PBXGroup;
			children = (
				7A684FB0F343CC410DB216D5 /* About */,
				36587579EB13DB408CC3AF4F /* MenuBar */,
				0538439E2C35931DD2A0976C /* Overview */,
				ABD071B5782099FE223DEDD5 /* Privacy */,
				FE3585F1173053C11044F090 /* Settings */,
				9943D0DC4530D7325413DA83 /* Shortcuts */,
			);
			path = Features;
			sourceTree = "<group>";
		};
		1E53933C487B79AD2D8D7D25 /* Resources */ = {
			isa = PBXGroup;
			children = (
				90B72451308C4BB744C489CA /* Assets.xcassets */,
				42DE507D28E83BE99B7CC5CE /* prismBar.icon */,
				B99796874F6C0C859873DF49 /* PrivacyInfo.xcprivacy */,
			);
			path = Resources;
			sourceTree = "<group>";
		};
		36587579EB13DB408CC3AF4F /* MenuBar */ = {
			isa = PBXGroup;
			children = (
				CE46BEA84E314F040D359964 /* MenuBarItemRow.swift */,
				A756F325D68C0D906A6D4318 /* MenuBarView.swift */,
			);
			path = MenuBar;
			sourceTree = "<group>";
		};
		380F0C22355F0042EC5F7D5E = {
			isa = PBXGroup;
			children = (
				A10D43016A331BBD641049CB /* App */,
				7C1F12E9DBAA984AB82267BE /* Packages */,
				1E53933C487B79AD2D8D7D25 /* Resources */,
				79B5390E0207009FEC8E19E6 /* Tests */,
				11CF65631A1A62948D2CAF8A /* LICENSE */,
				6419CB2641AFB03C2890E55D /* NOTICE */,
				B2E8D8E972B867334863B2BB /* Products */,
			);
			sourceTree = "<group>";
		};
		79B5390E0207009FEC8E19E6 /* Tests */ = {
			isa = PBXGroup;
			children = (
				9462D9B83ECB0BA77921B04B /* prismBarAppTests */,
				9D37D4AA5D5AB1544CE4903A /* prismBarUITests */,
			);
			path = Tests;
			sourceTree = "<group>";
		};
		7A684FB0F343CC410DB216D5 /* About */ = {
			isa = PBXGroup;
			children = (
				BE01E333B738C28E2DD3D464 /* AboutView.swift */,
			);
			path = About;
			sourceTree = "<group>";
		};
		7C1F12E9DBAA984AB82267BE /* Packages */ = {
			isa = PBXGroup;
			children = (
				3DA42353B48097F47E64CF57 /* prismBar */,
			);
			name = Packages;
			sourceTree = "<group>";
		};
		9462D9B83ECB0BA77921B04B /* prismBarAppTests */ = {
			isa = PBXGroup;
			children = (
				EEF4DD93279456074BB6F7FD /* AppLifecycleTests.swift */,
				AA48AA25661199CF523152D5 /* AppModelActionFeedbackTests.swift */,
				664F06B00E6B3DE43DE9C692 /* PrismDeckApplicationsCommandTests.swift */,
			);
			path = prismBarAppTests;
			sourceTree = "<group>";
		};
		9943D0DC4530D7325413DA83 /* Shortcuts */ = {
			isa = PBXGroup;
			children = (
				3BA0C421D62741B8383FEFA7 /* PrismBarCommands.swift */,
				FF2F6970047364DDA27C5F2C /* ShortcutsView.swift */,
			);
			path = Shortcuts;
			sourceTree = "<group>";
		};
		9D37D4AA5D5AB1544CE4903A /* prismBarUITests */ = {
			isa = PBXGroup;
			children = (
				B4AFC1F58957D7941D311EC5 /* AboutTests.swift */,
				4FF06CC224C8F6F6B057A2B3 /* AccessibilityAuditTests.swift */,
				75ABFACBE8B5FA2F47CAF31F /* LaunchTests.swift */,
				109A31F5C43CC8171F9EC4B8 /* PrismDeckTests.swift */,
				191C333200AB22AB1F3BD6DD /* UITestApplication.swift */,
				74D21E1BE361A7B6B790F767 /* VisualAuditTests.swift */,
				6F94844597D55920442A36A2 /* WorkspaceVisualStructureTests.swift */,
			);
			path = prismBarUITests;
			sourceTree = "<group>";
		};
		A10D43016A331BBD641049CB /* App */ = {
			isa = PBXGroup;
			children = (
				FAACBD2D250FC13E145839CF /* Design */,
				13439FA21C7C05AD5FB799A4 /* Features */,
				315A0592B925D2DB82D37406 /* AppLifecycle.swift */,
				3A6F51D219AFA0CC326CFE1F /* AppModel.swift */,
				797D62515E8C48EE5BF939F7 /* AppModel+MenuBarActions.swift */,
				705CE0B7CDC26A16F16702C2 /* AppModel+MenuBarBatchActions.swift */,
				79D6E16A0136D1F283B728AB /* AppModel+MenuBarRecovery.swift */,
				5F4F978FB62B17B05978B939 /* AppModel+MenuBarReset.swift */,
				20A0EB3D849A86912B17B6CC /* AppModel+MenuBarSectionState.swift */,
				7378E53EB6132FCE8C0FE07C /* AppState.swift */,
				574A6994BBFD030D13E09840 /* LiveMenuBarController.swift */,
				9D8BAE01F43F46DF5610002B /* MenuBarSectionStatusController.swift */,
				8FFF8A05443F8BB9B57C8CBC /* prismBarApp.swift */,
				2CAE72ACFC08C1C6F47C155D /* PrivacyCopy.swift */,
				D7ECE0DDE2F817119ECD1316 /* SceneActionRouter.swift */,
				3A97AC1465267631E11123FA /* UIAuditWindowConfiguration.swift */,
			);
			path = App;
			sourceTree = "<group>";
		};
		ABD071B5782099FE223DEDD5 /* Privacy */ = {
			isa = PBXGroup;
			children = (
				DB6BE812961FA45556F1A760 /* PrivacyView.swift */,
			);
			path = Privacy;
			sourceTree = "<group>";
		};
		B2E8D8E972B867334863B2BB /* Products */ = {
			isa = PBXGroup;
			children = (
				ED2184D0F302BEBEA3AD3520 /* prismBar.app */,
				EE5604D54BCB73D186D8E912 /* prismBarAppTests.xctest */,
				132DB0E7D319E4672B6E1A58 /* prismBarUITests.xctest */,
			);
			name = Products;
			sourceTree = "<group>";
		};
		FAACBD2D250FC13E145839CF /* Design */ = {
			isa = PBXGroup;
			children = (
				24DA04C9442819CB0ACBD9C3 /* PrismStatusIcon.swift */,
				7F750C30A67946F63A370161 /* PrismVisuals.swift */,
			);
			path = Design;
			sourceTree = "<group>";
		};
		FE3585F1173053C11044F090 /* Settings */ = {
			isa = PBXGroup;
			children = (
				BB0E9A57FF0B8B5227635A91 /* SettingsRootView.swift */,
			);
			path = Settings;
			sourceTree = "<group>";
		};
/* End PBXGroup section */

/* Begin PBXNativeTarget section */
		2B5A286FB1B6A98296153BEF /* prismBar */ = {
			isa = PBXNativeTarget;
			buildConfigurationList = B81BB9328062725399C74E93 /* Build configuration list for PBXNativeTarget "prismBar" */;
			buildPhases = (
				94BA060DD4C8569EFCA8A148 /* Sources */,
				3C24D462A26D51B00F919A43 /* Resources */,
				C470364C5EA68DAE83AFB9AB /* Frameworks */,
			);
			buildRules = (
			);
			dependencies = (
			);
			name = prismBar;
			packageProductDependencies = (
				ACA2FF17A745D2E611D878C2 /* prismBarCore */,
				F1499788DA51BE2087B51A20 /* prismBarAccessibility */,
				F163278A06D1EDC2E5F2385E /* prismBarEngine */,
			);
			productName = prismBar;
			productReference = ED2184D0F302BEBEA3AD3520 /* prismBar.app */;
			productType = "com.apple.product-type.application";
		};
		419BBA190B6658B3769D50CE /* prismBarAppTests */ = {
			isa = PBXNativeTarget;
			buildConfigurationList = D0A39AD366337503F058DBEA /* Build configuration list for PBXNativeTarget "prismBarAppTests" */;
			buildPhases = (
				422FC7E89CCA257427906863 /* Sources */,
			);
			buildRules = (
			);
			dependencies = (
				C817195E06CCCE5874668DC5 /* PBXTargetDependency */,
			);
			name = prismBarAppTests;
			packageProductDependencies = (
			);
			productName = prismBarAppTests;
			productReference = EE5604D54BCB73D186D8E912 /* prismBarAppTests.xctest */;
			productType = "com.apple.product-type.bundle.unit-test";
		};
		DDF06A9425D497F142896BED /* prismBarUITests */ = {
			isa = PBXNativeTarget;
			buildConfigurationList = 47E7FE33E98AE05FF6003484 /* Build configuration list for PBXNativeTarget "prismBarUITests" */;
			buildPhases = (
				CED78B464802D536882F594C /* Sources */,
			);
			buildRules = (
			);
			dependencies = (
				AD6BB10163A90E1397CBEC68 /* PBXTargetDependency */,
			);
			name = prismBarUITests;
			packageProductDependencies = (
			);
			productName = prismBarUITests;
			productReference = 132DB0E7D319E4672B6E1A58 /* prismBarUITests.xctest */;
			productType = "com.apple.product-type.bundle.ui-testing";
		};
/* End PBXNativeTarget section */

/* Begin PBXProject section */
		45586A27C38A8FA4AF5E3910 /* Project object */ = {
			isa = PBXProject;
			attributes = {
				BuildIndependentTargetsInParallel = YES;
				LastUpgradeCheck = 2700;
				TargetAttributes = {
					2B5A286FB1B6A98296153BEF = {
						DevelopmentTeam = N8A5T2PZY9;
						ProvisioningStyle = Automatic;
					};
					419BBA190B6658B3769D50CE = {
						DevelopmentTeam = N8A5T2PZY9;
						ProvisioningStyle = Automatic;
					};
					DDF06A9425D497F142896BED = {
						DevelopmentTeam = N8A5T2PZY9;
						ProvisioningStyle = Automatic;
						TestTargetID = 2B5A286FB1B6A98296153BEF;
					};
				};
			};
			buildConfigurationList = 832DD340B04CD49C667D4C57 /* Build configuration list for PBXProject "prismBar" */;
			developmentRegion = en;
			hasScannedForEncodings = 0;
			knownRegions = (
				Base,
				en,
			);
			mainGroup = 380F0C22355F0042EC5F7D5E;
			minimizedProjectReferenceProxies = 1;
			packageReferences = (
				5A227FF536759DE81CAEA55C /* XCLocalSwiftPackageReference "." */,
			);
			preferredProjectObjectVersion = 77;
			productRefGroup = B2E8D8E972B867334863B2BB /* Products */;
			projectDirPath = "";
			projectRoot = "";
			targets = (
				2B5A286FB1B6A98296153BEF /* prismBar */,
				DDF06A9425D497F142896BED /* prismBarUITests */,
				419BBA190B6658B3769D50CE /* prismBarAppTests */,
			);
		};
/* End PBXProject section */

/* Begin PBXResourcesBuildPhase section */
		3C24D462A26D51B00F919A43 /* Resources */ = {
			isa = PBXResourcesBuildPhase;
			buildActionMask = 2147483647;
			files = (
				698BD64A25F31652EE03AC4E /* Assets.xcassets in Resources */,
				62F6DD3471485B61A72949C4 /* LICENSE in Resources */,
				985AA29341450BF46056E6B3 /* NOTICE in Resources */,
				E5C70F149F116D0AE30145D2 /* PrivacyInfo.xcprivacy in Resources */,
				BEB5DD3EE10E1A5DE98304FB /* prismBar.icon in Resources */,
			);
			runOnlyForDeploymentPostprocessing = 0;
		};
/* End PBXResourcesBuildPhase section */

/* Begin PBXSourcesBuildPhase section */
		422FC7E89CCA257427906863 /* Sources */ = {
			isa = PBXSourcesBuildPhase;
			buildActionMask = 2147483647;
			files = (
				D90EA618B13266052A72F806 /* AppLifecycleTests.swift in Sources */,
				01B5BF2BBC8F97D97D789529 /* AppModelActionFeedbackTests.swift in Sources */,
				F023727F1D7DFEF8B59B7821 /* PrismDeckApplicationsCommandTests.swift in Sources */,
			);
			runOnlyForDeploymentPostprocessing = 0;
		};
		94BA060DD4C8569EFCA8A148 /* Sources */ = {
			isa = PBXSourcesBuildPhase;
			buildActionMask = 2147483647;
			files = (
				261CF815A371C909B5308412 /* AboutView.swift in Sources */,
				DD537356A91D55381A1A1A56 /* AppLifecycle.swift in Sources */,
				AFC0E90FF2A6E8DF6D4BCFDC /* AppModel+MenuBarActions.swift in Sources */,
				428F0B29AF29A79E5FCDBDDA /* AppModel+MenuBarBatchActions.swift in Sources */,
				A2FDDC3813D932AB06E15FFD /* AppModel+MenuBarRecovery.swift in Sources */,
				1DCD7BEAAD307561022F20A9 /* AppModel+MenuBarReset.swift in Sources */,
				9615CF1609FFB33918D39A49 /* AppModel+MenuBarSectionState.swift in Sources */,
				8813B1CB9A5D8575906A510B /* AppModel.swift in Sources */,
				6C2A42147F30D5C1464E4434 /* AppState.swift in Sources */,
				67A85AD65D85C6FCB202D08F /* LiveMenuBarController.swift in Sources */,
				9B5641B47C612060B2C3E9A7 /* MainWindowView.swift in Sources */,
				6F260E1E63E732918894B904 /* MenuBarApplicationIcon.swift in Sources */,
				E40B7C773E5F51B23805FFF3 /* MenuBarItemRow.swift in Sources */,
				E64955DB63E19420FC76CC0C /* MenuBarSectionStatusController.swift in Sources */,
				24D6BDA4F82765035F4809EF /* MenuBarView.swift in Sources */,
				2BC33F74613199D3C60E4162 /* OverviewView.swift in Sources */,
				48F49065677526FB180F5344 /* PrismBarCommands.swift in Sources */,
				84648563F5F512F66F3AE94B /* PrismDeckApplicationsView.swift in Sources */,
				6D7A1D1E21E0AC466B9F2143 /* PrismDeckLayoutPolicy.swift in Sources */,
				DD8426C4530DC0C44B08D0C9 /* PrismDeckView.swift in Sources */,
				B75F478A2A853FE7086943BE /* PrismRailView.swift in Sources */,
				FED49BF4D873ED09D31CD928 /* PrismRailViewSupport.swift in Sources */,
				058E0E5D91058313EDE6A007 /* PrismStatusIcon.swift in Sources */,
				AE30068A1AE8D0EAB237F76A /* PrismVisuals.swift in Sources */,
				ED364C206C4501008BF199EC /* PrivacyCopy.swift in Sources */,
				28CF60F875A77F50F17076A5 /* PrivacyView.swift in Sources */,
				8F25333A3C3A54CA2587EE2E /* SceneActionRouter.swift in Sources */,
				5BBE97F18265E328EA81844C /* SettingsRootView.swift in Sources */,
				6A1FFD8E601EBDC2E3D3999C /* ShortcutsView.swift in Sources */,
				CE10DE72024A0C37C262FC19 /* UIAuditWindowConfiguration.swift in Sources */,
				3AC383F8DF523268C88EF6BD /* prismBarApp.swift in Sources */,
			);
			runOnlyForDeploymentPostprocessing = 0;
		};
		CED78B464802D536882F594C /* Sources */ = {
			isa = PBXSourcesBuildPhase;
			buildActionMask = 2147483647;
			files = (
				C53909CC424B09D0C2210692 /* AboutTests.swift in Sources */,
				8788002F3034E67F01C85B54 /* AccessibilityAuditTests.swift in Sources */,
				53A67AB1D743C9191CAD41ED /* LaunchTests.swift in Sources */,
				C0522F43C20205737E92FE31 /* PrismDeckTests.swift in Sources */,
				D5EBF57D885E1E8723E334FD /* UITestApplication.swift in Sources */,
				E9D571B8238F9A3B29D7EA68 /* VisualAuditTests.swift in Sources */,
				D1710DA94CF4C0E750EEBA4F /* WorkspaceVisualStructureTests.swift in Sources */,
			);
			runOnlyForDeploymentPostprocessing = 0;
		};
/* End PBXSourcesBuildPhase section */

/* Begin PBXTargetDependency section */
		AD6BB10163A90E1397CBEC68 /* PBXTargetDependency */ = {
			isa = PBXTargetDependency;
			target = 2B5A286FB1B6A98296153BEF /* prismBar */;
			targetProxy = F55C3EDE8A1B54FA44049CCA /* PBXContainerItemProxy */;
		};
		C817195E06CCCE5874668DC5 /* PBXTargetDependency */ = {
			isa = PBXTargetDependency;
			target = 2B5A286FB1B6A98296153BEF /* prismBar */;
			targetProxy = 3784D5CDE3FD6F5527CCEA89 /* PBXContainerItemProxy */;
		};
/* End PBXTargetDependency section */

/* Begin XCBuildConfiguration section */
		0DD732C518720D498C758349 /* Debug */ = {
			isa = XCBuildConfiguration;
			buildSettings = {
				BUNDLE_LOADER = "$(TEST_HOST)";
				CODE_SIGNING_ALLOWED = NO;
				COMBINE_HIDPI_IMAGES = YES;
				LD_RUNPATH_SEARCH_PATHS = (
					"$(inherited)",
					"@executable_path/Frameworks",
					"@loader_path/Frameworks",
				);
				MACOSX_DEPLOYMENT_TARGET = 27.0;
				PRODUCT_BUNDLE_IDENTIFIER = com.laclairtech.prismbar.uitests;
				SDKROOT = macosx;
				TEST_TARGET_NAME = prismBar;
			};
			name = Debug;
		};
		20905F1AB47FAEC1A8C7C0AD /* Release */ = {
			isa = XCBuildConfiguration;
			buildSettings = {
				BUNDLE_LOADER = "$(TEST_HOST)";
				COMBINE_HIDPI_IMAGES = YES;
				GENERATE_INFOPLIST_FILE = YES;
				LD_RUNPATH_SEARCH_PATHS = (
					"$(inherited)",
					"@executable_path/../Frameworks",
					"@loader_path/../Frameworks",
				);
				MACOSX_DEPLOYMENT_TARGET = 27.0;
				PRODUCT_BUNDLE_IDENTIFIER = com.laclairtech.prismbar.tests;
				SDKROOT = macosx;
				TEST_HOST = "$(BUILT_PRODUCTS_DIR)/prismBar.app/Contents/MacOS/prismBar";
			};
			name = Release;
		};
		5C5F32D3EFF31E820E6568E7 /* Debug */ = {
			isa = XCBuildConfiguration;
			buildSettings = {
				ASSETCATALOG_COMPILER_APPICON_NAME = prismBar;
				ASSETCATALOG_COMPILER_GLOBAL_ACCENT_COLOR_NAME = AccentColor;
				CODE_SIGN_ENTITLEMENTS = Config/prismBar.entitlements;
				COMBINE_HIDPI_IMAGES = YES;
				GENERATE_INFOPLIST_FILE = NO;
				INFOPLIST_FILE = "Config/prismBar-Info.plist";
				LD_RUNPATH_SEARCH_PATHS = (
					"$(inherited)",
					"@executable_path/../Frameworks",
				);
				MACOSX_DEPLOYMENT_TARGET = 27.0;
				PRODUCT_BUNDLE_IDENTIFIER = com.laclairtech.prismbar;
				PRODUCT_NAME = prismBar;
				SDKROOT = macosx;
				SWIFT_DEFAULT_ACTOR_ISOLATION = MainActor;
			};
			name = Debug;
		};
		76FE6FDD05DE185B8EF2F806 /* Debug */ = {
			isa = XCBuildConfiguration;
			buildSettings = {
				BUNDLE_LOADER = "$(TEST_HOST)";
				COMBINE_HIDPI_IMAGES = YES;
				GENERATE_INFOPLIST_FILE = YES;
				LD_RUNPATH_SEARCH_PATHS = (
					"$(inherited)",
					"@executable_path/../Frameworks",
					"@loader_path/../Frameworks",
				);
				MACOSX_DEPLOYMENT_TARGET = 27.0;
				PRODUCT_BUNDLE_IDENTIFIER = com.laclairtech.prismbar.tests;
				SDKROOT = macosx;
				TEST_HOST = "$(BUILT_PRODUCTS_DIR)/prismBar.app/Contents/MacOS/prismBar";
			};
			name = Debug;
		};
		8659E7FD2E08EB619BEE28EF /* Release */ = {
			isa = XCBuildConfiguration;
			buildSettings = {
				BUNDLE_LOADER = "$(TEST_HOST)";
				CODE_SIGNING_ALLOWED = NO;
				COMBINE_HIDPI_IMAGES = YES;
				LD_RUNPATH_SEARCH_PATHS = (
					"$(inherited)",
					"@executable_path/Frameworks",
					"@loader_path/Frameworks",
				);
				MACOSX_DEPLOYMENT_TARGET = 27.0;
				PRODUCT_BUNDLE_IDENTIFIER = com.laclairtech.prismbar.uitests;
				SDKROOT = macosx;
				TEST_TARGET_NAME = prismBar;
			};
			name = Release;
		};
		C621CCCBBBFC54CDDA8D7597 /* Debug */ = {
			isa = XCBuildConfiguration;
			buildSettings = {
				ALWAYS_SEARCH_USER_PATHS = NO;
				ARCHS = arm64;
				CLANG_ANALYZER_LOCALIZABILITY_NONLOCALIZED = YES;
				CLANG_ANALYZER_NONNULL = YES;
				CLANG_ANALYZER_NUMBER_OBJECT_CONVERSION = YES_AGGRESSIVE;
				CLANG_CXX_LANGUAGE_STANDARD = "gnu++14";
				CLANG_CXX_LIBRARY = "libc++";
				CLANG_ENABLE_MODULES = YES;
				CLANG_ENABLE_OBJC_ARC = YES;
				CLANG_ENABLE_OBJC_WEAK = YES;
				CLANG_WARN_BLOCK_CAPTURE_AUTORELEASING = YES;
				CLANG_WARN_BOOL_CONVERSION = YES;
				CLANG_WARN_COMMA = YES;
				CLANG_WARN_CONSTANT_CONVERSION = YES;
				CLANG_WARN_DEPRECATED_OBJC_IMPLEMENTATIONS = YES;
				CLANG_WARN_DIRECT_OBJC_ISA_USAGE = YES_ERROR;
				CLANG_WARN_DOCUMENTATION_COMMENTS = YES;
				CLANG_WARN_EMPTY_BODY = YES;
				CLANG_WARN_ENUM_CONVERSION = YES;
				CLANG_WARN_INFINITE_RECURSION = YES;
				CLANG_WARN_INT_CONVERSION = YES;
				CLANG_WARN_NON_LITERAL_NULL_CONVERSION = YES;
				CLANG_WARN_OBJC_IMPLICIT_RETAIN_SELF = YES;
				CLANG_WARN_OBJC_LITERAL_CONVERSION = YES;
				CLANG_WARN_OBJC_ROOT_CLASS = YES_ERROR;
				CLANG_WARN_QUOTED_INCLUDE_IN_FRAMEWORK_HEADER = YES;
				CLANG_WARN_RANGE_LOOP_ANALYSIS = YES;
				CLANG_WARN_STRICT_PROTOTYPES = YES;
				CLANG_WARN_SUSPICIOUS_MOVE = YES;
				CLANG_WARN_UNGUARDED_AVAILABILITY = YES_AGGRESSIVE;
				CLANG_WARN_UNREACHABLE_CODE = YES;
				CLANG_WARN__DUPLICATE_METHOD_MATCH = YES;
				CODE_SIGN_STYLE = Automatic;
				COPY_PHASE_STRIP = NO;
				DEBUG_INFORMATION_FORMAT = dwarf;
				DEVELOPMENT_TEAM = N8A5T2PZY9;
				ENABLE_HARDENED_RUNTIME = YES;
				ENABLE_STRICT_OBJC_MSGSEND = YES;
				ENABLE_TESTABILITY = YES;
				ENABLE_USER_SCRIPT_SANDBOXING = YES;
				GCC_C_LANGUAGE_STANDARD = gnu11;
				GCC_DYNAMIC_NO_PIC = NO;
				GCC_NO_COMMON_BLOCKS = YES;
				GCC_OPTIMIZATION_LEVEL = 0;
				GCC_PREPROCESSOR_DEFINITIONS = (
					"$(inherited)",
					"DEBUG=1",
				);
				GCC_TREAT_WARNINGS_AS_ERRORS = YES;
				GCC_WARN_64_TO_32_BIT_CONVERSION = YES;
				GCC_WARN_ABOUT_RETURN_TYPE = YES_ERROR;
				GCC_WARN_UNDECLARED_SELECTOR = YES;
				GCC_WARN_UNINITIALIZED_AUTOS = YES_AGGRESSIVE;
				GCC_WARN_UNUSED_FUNCTION = YES;
				GCC_WARN_UNUSED_VARIABLE = YES;
				MACOSX_DEPLOYMENT_TARGET = 27.0;
				MTL_ENABLE_DEBUG_INFO = INCLUDE_SOURCE;
				MTL_FAST_MATH = YES;
				ONLY_ACTIVE_ARCH = YES;
				PRISM_SOURCE_REVISION = "local-development";
				PRODUCT_NAME = "$(TARGET_NAME)";
				SDKROOT = macosx;
				SWIFT_ACTIVE_COMPILATION_CONDITIONS = DEBUG;
				SWIFT_OPTIMIZATION_LEVEL = "-Onone";
				SWIFT_STRICT_CONCURRENCY = complete;
				SWIFT_TREAT_WARNINGS_AS_ERRORS = YES;
				SWIFT_VERSION = 6.0;
			};
			name = Debug;
		};
		D06FFDBFE5BE70B18EBBF397 /* Release */ = {
			isa = XCBuildConfiguration;
			buildSettings = {
				ALWAYS_SEARCH_USER_PATHS = NO;
				ARCHS = arm64;
				CLANG_ANALYZER_LOCALIZABILITY_NONLOCALIZED = YES;
				CLANG_ANALYZER_NONNULL = YES;
				CLANG_ANALYZER_NUMBER_OBJECT_CONVERSION = YES_AGGRESSIVE;
				CLANG_CXX_LANGUAGE_STANDARD = "gnu++14";
				CLANG_CXX_LIBRARY = "libc++";
				CLANG_ENABLE_MODULES = YES;
				CLANG_ENABLE_OBJC_ARC = YES;
				CLANG_ENABLE_OBJC_WEAK = YES;
				CLANG_WARN_BLOCK_CAPTURE_AUTORELEASING = YES;
				CLANG_WARN_BOOL_CONVERSION = YES;
				CLANG_WARN_COMMA = YES;
				CLANG_WARN_CONSTANT_CONVERSION = YES;
				CLANG_WARN_DEPRECATED_OBJC_IMPLEMENTATIONS = YES;
				CLANG_WARN_DIRECT_OBJC_ISA_USAGE = YES_ERROR;
				CLANG_WARN_DOCUMENTATION_COMMENTS = YES;
				CLANG_WARN_EMPTY_BODY = YES;
				CLANG_WARN_ENUM_CONVERSION = YES;
				CLANG_WARN_INFINITE_RECURSION = YES;
				CLANG_WARN_INT_CONVERSION = YES;
				CLANG_WARN_NON_LITERAL_NULL_CONVERSION = YES;
				CLANG_WARN_OBJC_IMPLICIT_RETAIN_SELF = YES;
				CLANG_WARN_OBJC_LITERAL_CONVERSION = YES;
				CLANG_WARN_OBJC_ROOT_CLASS = YES_ERROR;
				CLANG_WARN_QUOTED_INCLUDE_IN_FRAMEWORK_HEADER = YES;
				CLANG_WARN_RANGE_LOOP_ANALYSIS = YES;
				CLANG_WARN_STRICT_PROTOTYPES = YES;
				CLANG_WARN_SUSPICIOUS_MOVE = YES;
				CLANG_WARN_UNGUARDED_AVAILABILITY = YES_AGGRESSIVE;
				CLANG_WARN_UNREACHABLE_CODE = YES;
				CLANG_WARN__DUPLICATE_METHOD_MATCH = YES;
				CODE_SIGN_INJECT_BASE_ENTITLEMENTS = NO;
				CODE_SIGN_STYLE = Automatic;
				COPY_PHASE_STRIP = NO;
				DEAD_CODE_STRIPPING = YES;
				DEBUG_INFORMATION_FORMAT = "dwarf-with-dsym";
				DEVELOPMENT_TEAM = N8A5T2PZY9;
				ENABLE_HARDENED_RUNTIME = YES;
				ENABLE_NS_ASSERTIONS = NO;
				ENABLE_STRICT_OBJC_MSGSEND = YES;
				ENABLE_TESTABILITY = NO;
				ENABLE_USER_SCRIPT_SANDBOXING = YES;
				GCC_C_LANGUAGE_STANDARD = gnu11;
				GCC_NO_COMMON_BLOCKS = YES;
				GCC_TREAT_WARNINGS_AS_ERRORS = YES;
				GCC_WARN_64_TO_32_BIT_CONVERSION = YES;
				GCC_WARN_ABOUT_RETURN_TYPE = YES_ERROR;
				GCC_WARN_UNDECLARED_SELECTOR = YES;
				GCC_WARN_UNINITIALIZED_AUTOS = YES_AGGRESSIVE;
				GCC_WARN_UNUSED_FUNCTION = YES;
				GCC_WARN_UNUSED_VARIABLE = YES;
				MACOSX_DEPLOYMENT_TARGET = 27.0;
				MTL_ENABLE_DEBUG_INFO = NO;
				MTL_FAST_MATH = YES;
				ONLY_ACTIVE_ARCH = NO;
				PRISM_SOURCE_REVISION = "local-development";
				PRODUCT_NAME = "$(TARGET_NAME)";
				SDKROOT = macosx;
				SWIFT_COMPILATION_MODE = wholemodule;
				SWIFT_OPTIMIZATION_LEVEL = "-O";
				SWIFT_STRICT_CONCURRENCY = complete;
				SWIFT_TREAT_WARNINGS_AS_ERRORS = YES;
				SWIFT_VERSION = 6.0;
			};
			name = Release;
		};
		D84E076A9EFC30D79F803532 /* Release */ = {
			isa = XCBuildConfiguration;
			buildSettings = {
				ASSETCATALOG_COMPILER_APPICON_NAME = prismBar;
				ASSETCATALOG_COMPILER_GLOBAL_ACCENT_COLOR_NAME = AccentColor;
				CODE_SIGN_ENTITLEMENTS = Config/prismBar.entitlements;
				COMBINE_HIDPI_IMAGES = YES;
				GENERATE_INFOPLIST_FILE = NO;
				INFOPLIST_FILE = "Config/prismBar-Info.plist";
				LD_RUNPATH_SEARCH_PATHS = (
					"$(inherited)",
					"@executable_path/../Frameworks",
				);
				MACOSX_DEPLOYMENT_TARGET = 27.0;
				PRODUCT_BUNDLE_IDENTIFIER = com.laclairtech.prismbar;
				PRODUCT_NAME = prismBar;
				SDKROOT = macosx;
				SWIFT_DEFAULT_ACTOR_ISOLATION = MainActor;
			};
			name = Release;
		};
/* End XCBuildConfiguration section */

/* Begin XCConfigurationList section */
		47E7FE33E98AE05FF6003484 /* Build configuration list for PBXNativeTarget "prismBarUITests" */ = {
			isa = XCConfigurationList;
			buildConfigurations = (
				0DD732C518720D498C758349 /* Debug */,
				8659E7FD2E08EB619BEE28EF /* Release */,
			);
			defaultConfigurationIsVisible = 0;
			defaultConfigurationName = Debug;
		};
		832DD340B04CD49C667D4C57 /* Build configuration list for PBXProject "prismBar" */ = {
			isa = XCConfigurationList;
			buildConfigurations = (
				C621CCCBBBFC54CDDA8D7597 /* Debug */,
				D06FFDBFE5BE70B18EBBF397 /* Release */,
			);
			defaultConfigurationIsVisible = 0;
			defaultConfigurationName = Debug;
		};
		B81BB9328062725399C74E93 /* Build configuration list for PBXNativeTarget "prismBar" */ = {
			isa = XCConfigurationList;
			buildConfigurations = (
				5C5F32D3EFF31E820E6568E7 /* Debug */,
				D84E076A9EFC30D79F803532 /* Release */,
			);
			defaultConfigurationIsVisible = 0;
			defaultConfigurationName = Debug;
		};
		D0A39AD366337503F058DBEA /* Build configuration list for PBXNativeTarget "prismBarAppTests" */ = {
			isa = XCConfigurationList;
			buildConfigurations = (
				76FE6FDD05DE185B8EF2F806 /* Debug */,
				20905F1AB47FAEC1A8C7C0AD /* Release */,
			);
			defaultConfigurationIsVisible = 0;
			defaultConfigurationName = Debug;
		};
/* End XCConfigurationList section */

/* Begin XCLocalSwiftPackageReference section */
		5A227FF536759DE81CAEA55C /* XCLocalSwiftPackageReference "." */ = {
			isa = XCLocalSwiftPackageReference;
			relativePath = .;
		};
/* End XCLocalSwiftPackageReference section */

/* Begin XCSwiftPackageProductDependency section */
		ACA2FF17A745D2E611D878C2 /* prismBarCore */ = {
			isa = XCSwiftPackageProductDependency;
			productName = prismBarCore;
		};
		F1499788DA51BE2087B51A20 /* prismBarAccessibility */ = {
			isa = XCSwiftPackageProductDependency;
			productName = prismBarAccessibility;
		};
		F163278A06D1EDC2E5F2385E /* prismBarEngine */ = {
			isa = XCSwiftPackageProductDependency;
			productName = prismBarEngine;
		};
/* End XCSwiftPackageProductDependency section */
	};
	rootObject = 45586A27C38A8FA4AF5E3910 /* Project object */;
}
